{
  "nodes": {
    "beam-flakes": {
      "inputs": {
        "flake-parts": [
          "expert",
          "flake-parts"
        ],
        "nixpkgs": [
          "expert",
          "nixpkgs"
        ]
      },
      "locked": {
        "lastModified": 1756346526,
        "narHash": "sha256-ejG8c5hp6OsiPyFeM0GBbx3ytkoA8XWZR6SEXwx2xX8=",
        "owner": "elixir-tools",
        "repo": "nix-beam-flakes",
        "rev": "00ec29d1b20cad1c3b8736b373eedcab7f049a13",
        "type": "github"
      },
      "original": {
        "owner": "elixir-tools",
        "repo": "nix-beam-flakes",
        "type": "github"
      }
    },
    "expert": {
      "inputs": {
        "beam-flakes": "beam-flakes",
        "flake-parts": "flake-parts",
        "nixpkgs": "nixpkgs"
      },
      "locked": {
        "lastModified": 1757944473,
        "narHash": "sha256-cuQrVGtBGlETYHTvkEDpssJJn0Xk5JQyopK1tWQzvL4=",
        "owner": "elixir-lang",
        "repo": "expert",
        "rev": "dca68d8d514db0179539d642959187010ab0ebb8",
        "type": "github"
      },
      "original": {
        "owner": "elixir-lang",
        "repo": "expert",
        "type": "github"
      }
    },
    "flake-parts": {
      "inputs": {
        "nixpkgs-lib": "nixpkgs-lib"
      },
      "locked": {
        "lastModified": 1719994518,
        "narHash": "sha256-pQMhCCHyQGRzdfAkdJ4cIWiw+JNuWsTX7f0ZYSyz0VY=",
        "owner": "hercules-ci",
        "repo": "flake-parts",
        "rev": "9227223f6d922fee3c7b190b2cc238a99527bbb7",
        "type": "github"
      },
      "original": {
        "owner": "hercules-ci",
        "repo": "flake-parts",
        "type": "github"
      }
    },
    "home-manager": {
      "inputs": {
        "nixpkgs": [
          "nixpkgs"
        ]
      },
      "locked": {
        "lastModified": 1758296614,
        "narHash": "sha256-l60D1i0aaSqemy9dL7wP0ePMfcv/oZbeKpvUMY+q0kQ=",
        "owner": "nix-community",
        "repo": "home-manager",
        "rev": "55b1f5b7b191572257545413b98e37abab2fdb00",
        "type": "github"
      },
      "original": {
        "owner": "nix-community",
        "repo": "home-manager",
        "type": "github"
      }
    },
    "nixpkgs": {
      "locked": {
        "lastModified": 1756266583,
        "narHash": "sha256-cr748nSmpfvnhqSXPiCfUPxRz2FJnvf/RjJGvFfaCsM=",
        "owner": "nixos",
        "repo": "nixpkgs",
        "rev": "8a6d5427d99ec71c64f0b93d45778c889005d9c2",
        "type": "github"
      },
      "original": {
        "owner": "nixos",
        "ref": "nixos-unstable",
        "repo": "nixpkgs",
        "type": "github"
      }
    },
    "nixpkgs-lib": {
      "locked": {
        "lastModified": 1719876945,
        "narHash": "sha256-Fm2rDDs86sHy0/1jxTOKB1118Q0O3Uc7EC0iXvXKpbI=",
        "type": "tarball",
        "url": "https://github.com/NixOS/nixpkgs/archive/5daf0514482af3f97abaefc78a6606365c9108e2.tar.gz"
      },
      "original": {
        "type": "tarball",
        "url": "https://github.com/NixOS/nixpkgs/archive/5daf0514482af3f97abaefc78a6606365c9108e2.tar.gz"
      }
    },
    "nixpkgs_2": {
      "locked": {
        "lastModified": 1758262103,
        "narHash": "sha256-aBGl3XEOsjWw6W3AHiKibN7FeoG73dutQQEqnd/etR8=",
        "owner": "nixos",
        "repo": "nixpkgs",
        "rev": "12bd230118a1901a4a5d393f9f56b6ad7e571d01",
        "type": "github"
      },
      "original": {
        "owner": "nixos",
        "ref": "nixpkgs-unstable",
        "repo": "nixpkgs",
        "type": "github"
      }
    },
    "root": {
      "inputs": {
        "expert": "expert",
        "home-manager": "home-manager",
        "nixpkgs": "nixpkgs_2"
      }
    }
  },
  "root": "root",
  "version": 7
}
